
Microsoft Visual Studio Solution File, Format Version 12.00
# Visual Studio Version 17
VisualStudioVersion = 17.11.35222.181
MinimumVisualStudioVersion = 10.0.40219.1
Project("{FAE04EC0-301F-11D3-BF4B-00C04F79EFBC}") = "ConsoleApp6", "ConsoleApp6\ConsoleApp6.csproj", "{47D41846-D4AC-4397-978D-08837FDBC607}"
EndProject
Global
	GlobalSection(SolutionConfigurationPlatforms) = preSolution
		Debug|Any CPU = Debug|Any CPU
		Release|Any CPU = Release|Any CPU
	EndGlobalSection
	GlobalSection(ProjectConfigurationPlatforms) = postSolution
		{47D41846-D4AC-4397-978D-08837FDBC607}.Debug|Any CPU.ActiveCfg = Debug|Any CPU
		{47D41846-D4AC-4397-978D-08837FDBC607}.Debug|Any CPU.Build.0 = Debug|Any CPU
		{47D41846-D4AC-4397-978D-08837FDBC607}.Release|Any CPU.ActiveCfg = Release|Any CPU
		{47D41846-D4AC-4397-978D-08837FDBC607}.Release|Any CPU.Build.0 = Release|Any CPU
	EndGlobalSection
	GlobalSection(SolutionProperties) = preSolution
		HideSolutionNode = FALSE
	EndGlobalSection
	GlobalSection(ExtensibilityGlobals) = postSolution
		SolutionGuid = {0B81E26D-7B16-462C-95D8-996F28975E52}
	EndGlobalSection
EndGlobal
